
Microsoft Visual Studio Solution File, Format Version 12.00
# Visual Studio 14
VisualStudioVersion = 14.0.25420.1
MinimumVisualStudioVersion = 10.0.40219.1
Project("{FAE04EC0-301F-11D3-BF4B-00C04F79EFBC}") = "udpTest", "udpTest\udpTest.csproj", "{A8C7CA12-DFB9-42FF-8AC1-6418C2D24502}"
EndProject
Project("{FAE04EC0-301F-11D3-BF4B-00C04F79EFBC}") = "HiSocket", "udpTest\HiSocket\HiSocket.csproj", "{0B0FE68D-EB3F-42E0-B151-BBE221CFA10C}"
EndProject
Global
	GlobalSection(SolutionConfigurationPlatforms) = preSolution
		Debug|Any CPU = Debug|Any CPU
		Release|Any CPU = Release|Any CPU
	EndGlobalSection
	GlobalSection(ProjectConfigurationPlatforms) = postSolution
		{A8C7CA12-DFB9-42FF-8AC1-6418C2D24502}.Debug|Any CPU.ActiveCfg = Debug|Any CPU
		{A8C7CA12-DFB9-42FF-8AC1-6418C2D24502}.Debug|Any CPU.Build.0 = Debug|Any CPU
		{A8C7CA12-DFB9-42FF-8AC1-6418C2D24502}.Release|Any CPU.ActiveCfg = Release|Any CPU
		{A8C7CA12-DFB9-42FF-8AC1-6418C2D24502}.Release|Any CPU.Build.0 = Release|Any CPU
		{0B0FE68D-EB3F-42E0-B151-BBE221CFA10C}.Debug|Any CPU.ActiveCfg = Debug|Any CPU
		{0B0FE68D-EB3F-42E0-B151-BBE221CFA10C}.Debug|Any CPU.Build.0 = Debug|Any CPU
		{0B0FE68D-EB3F-42E0-B151-BBE221CFA10C}.Release|Any CPU.ActiveCfg = Release|Any CPU
		{0B0FE68D-EB3F-42E0-B151-BBE221CFA10C}.Release|Any CPU.Build.0 = Release|Any CPU
	EndGlobalSection
	GlobalSection(SolutionProperties) = preSolution
		HideSolutionNode = FALSE
	EndGlobalSection
EndGlobal
